
Microsoft Visual Studio Solution File, Format Version 12.00
Project("{FAE04EC0-301F-11D3-BF4B-00C04F79EFBC}") = "Mission06_LaTour", "Mission06_LaTour\Mission06_LaTour.csproj", "{0DED1844-75CC-4609-A427-DD7BD6C606DD}"
EndProject
Global
	GlobalSection(SolutionConfigurationPlatforms) = preSolution
		Debug|Any CPU = Debug|Any CPU
		Release|Any CPU = Release|Any CPU
	EndGlobalSection
	GlobalSection(ProjectConfigurationPlatforms) = postSolution
		{0DED1844-75CC-4609-A427-DD7BD6C606DD}.Debug|Any CPU.ActiveCfg = Debug|Any CPU
		{0DED1844-75CC-4609-A427-DD7BD6C606DD}.Debug|Any CPU.Build.0 = Debug|Any CPU
		{0DED1844-75CC-4609-A427-DD7BD6C606DD}.Release|Any CPU.ActiveCfg = Release|Any CPU
		{0DED1844-75CC-4609-A427-DD7BD6C606DD}.Release|Any CPU.Build.0 = Release|Any CPU
	EndGlobalSection
EndGlobal
